// !$*UTF8*$!
{
	archiveVersion = 1;
	classes = {
	};
	objectVersion = 46;
	objects = {

/* Begin PBXBuildFile section */
		8418279288F131633035A8BB /* Pods_MeetPets.framework in Frameworks */ = {isa = PBXBuildFile; fileRef = A7B7BEB48E8CA4D9E671EFE1 /* Pods_MeetPets.framework */; };
		DB12842E1D5B4B51006845AA /* Communicator.swift in Sources */ = {isa = PBXBuildFile; fileRef = DB12842D1D5B4B51006845AA /* Communicator.swift */; };
		DB1284341D5B66C2006845AA /* PetInfo.swift in Sources */ = {isa = PBXBuildFile; fileRef = DB1284331D5B66C2006845AA /* PetInfo.swift */; };
		DB1284381D5B68E9006845AA /* AdvancedImageView.m in Sources */ = {isa = PBXBuildFile; fileRef = DB1284371D5B68E9006845AA /* AdvancedImageView.m */; };
		DB15F5831D6D41590046F086 /* CoreLocation.framework in Frameworks */ = {isa = PBXBuildFile; fileRef = DB15F5821D6D41590046F086 /* CoreLocation.framework */; };
		DB5C100C1D633BE700FC85D6 /* DetailPetInfoViewController.swift in Sources */ = {isa = PBXBuildFile; fileRef = DB5C100B1D633BE700FC85D6 /* DetailPetInfoViewController.swift */; };
		DB6EC7DE1D70330500F333DE /* telephone.png in Resources */ = {isa = PBXBuildFile; fileRef = DB6EC7DD1D70330500F333DE /* telephone.png */; };
		DB6EC7E01D70330900F333DE /* navigation.png in Resources */ = {isa = PBXBuildFile; fileRef = DB6EC7DF1D70330900F333DE /* navigation.png */; };
		DB6EC7E21D70381C00F333DE /* NavigationViewController.swift in Sources */ = {isa = PBXBuildFile; fileRef = DB6EC7E11D70381C00F333DE /* NavigationViewController.swift */; };
		DB6EC7EA1D70398600F333DE /* bg.png in Resources */ = {isa = PBXBuildFile; fileRef = DB6EC7E91D70398600F333DE /* bg.png */; };
		DB6EC7EC1D70415E00F333DE /* page3.jpg in Resources */ = {isa = PBXBuildFile; fileRef = DB6EC7EB1D70415E00F333DE /* page3.jpg */; };
		DB6EC7EF1D7045C500F333DE /* page1.jpg in Resources */ = {isa = PBXBuildFile; fileRef = DB6EC7ED1D7045C500F333DE /* page1.jpg */; };
		DB6EC7F01D7045C500F333DE /* page2.jpg in Resources */ = {isa = PBXBuildFile; fileRef = DB6EC7EE1D7045C500F333DE /* page2.jpg */; };
		DB8E315E1D5231E100666702 /* AppDelegate.swift in Sources */ = {isa = PBXBuildFile; fileRef = DB8E315D1D5231E100666702 /* AppDelegate.swift */; };
		DB8E31601D5231E100666702 /* ViewController.swift in Sources */ = {isa = PBXBuildFile; fileRef = DB8E315F1D5231E100666702 /* ViewController.swift */; };
		DB8E31631D5231E100666702 /* Main.storyboard in Resources */ = {isa = PBXBuildFile; fileRef = DB8E31611D5231E100666702 /* Main.storyboard */; };
		DB8E31681D5231E100666702 /* LaunchScreen.storyboard in Resources */ = {isa = PBXBuildFile; fileRef = DB8E31661D5231E100666702 /* LaunchScreen.storyboard */; };
		DB8E31701D53180D00666702 /* PetsTableViewCell.swift in Sources */ = {isa = PBXBuildFile; fileRef = DB8E316F1D53180D00666702 /* PetsTableViewCell.swift */; };
		DBB64AE21D659A6C00A483E4 /* SearchView.swift in Sources */ = {isa = PBXBuildFile; fileRef = DBB64AE11D659A6C00A483E4 /* SearchView.swift */; };
		DBF318E51D704D8500F4905A /* Assets.xcassets in Resources */ = {isa = PBXBuildFile; fileRef = DBF318E41D704D8500F4905A /* Assets.xcassets */; };
/* End PBXBuildFile section */

/* Begin PBXFileReference section */
		70F1F7DB5FAFD6F2D34FC166 /* Pods-MeetPets.release.xcconfig */ = {isa = PBXFileReference; includeInIndex = 1; lastKnownFileType = text.xcconfig; name = "Pods-MeetPets.release.xcconfig"; path = "Pods/Target Support Files/Pods-MeetPets/Pods-MeetPets.release.xcconfig"; sourceTree = "<group>"; };
		836B345E610F0D0CF91BD0EA /* Pods-MeetPets.debug.xcconfig */ = {isa = PBXFileReference; includeInIndex = 1; lastKnownFileType = text.xcconfig; name = "Pods-MeetPets.debug.xcconfig"; path = "Pods/Target Support Files/Pods-MeetPets/Pods-MeetPets.debug.xcconfig"; sourceTree = "<group>"; };
		A7B7BEB48E8CA4D9E671EFE1 /* Pods_MeetPets.framework */ = {isa = PBXFileReference; explicitFileType = wrapper.framework; includeInIndex = 0; path = Pods_MeetPets.framework; sourceTree = BUILT_PRODUCTS_DIR; };
		DB12842D1D5B4B51006845AA /* Communicator.swift */ = {isa = PBXFileReference; fileEncoding = 4; lastKnownFileType = sourcecode.swift; path = Communicator.swift; sourceTree = "<group>"; };
		DB1284331D5B66C2006845AA /* PetInfo.swift */ = {isa = PBXFileReference; fileEncoding = 4; lastKnownFileType = sourcecode.swift; path = PetInfo.swift; sourceTree = "<group>"; };
		DB1284351D5B68E8006845AA /* MeetPets-Bridging-Header.h */ = {isa = PBXFileReference; lastKnownFileType = sourcecode.c.h; path = "MeetPets-Bridging-Header.h"; sourceTree = "<group>"; };
		DB1284361D5B68E9006845AA /* AdvancedImageView.h */ = {isa = PBXFileReference; fileEncoding = 4; lastKnownFileType = sourcecode.c.h; path = AdvancedImageView.h; sourceTree = "<group>"; };
		DB1284371D5B68E9006845AA /* AdvancedImageView.m */ = {isa = PBXFileReference; fileEncoding = 4; lastKnownFileType = sourcecode.c.objc; path = AdvancedImageView.m; sourceTree = "<group>"; };
		DB15F5821D6D41590046F086 /* CoreLocation.framework */ = {isa = PBXFileReference; lastKnownFileType = wrapper.framework; name = CoreLocation.framework; path = System/Library/Frameworks/CoreLocation.framework; sourceTree = SDKROOT; };
		DB5C100B1D633BE700FC85D6 /* DetailPetInfoViewController.swift */ = {isa = PBXFileReference; fileEncoding = 4; lastKnownFileType = sourcecode.swift; path = DetailPetInfoViewController.swift; sourceTree = "<group>"; };
		DB6EC7DD1D70330500F333DE /* telephone.png */ = {isa = PBXFileReference; lastKnownFileType = image.png; path = telephone.png; sourceTree = "<group>"; };
		DB6EC7DF1D70330900F333DE /* navigation.png */ = {isa = PBXFileReference; lastKnownFileType = image.png; path = navigation.png; sourceTree = "<group>"; };
		DB6EC7E11D70381C00F333DE /* NavigationViewController.swift */ = {isa = PBXFileReference; fileEncoding = 4; lastKnownFileType = sourcecode.swift; path = NavigationViewController.swift; sourceTree = "<group>"; };
		DB6EC7E91D70398600F333DE /* bg.png */ = {isa = PBXFileReference; lastKnownFileType = image.png; path = bg.png; sourceTree = "<group>"; };
		DB6EC7EB1D70415E00F333DE /* page3.jpg */ = {isa = PBXFileReference; lastKnownFileType = image.jpeg; path = page3.jpg; sourceTree = "<group>"; };
		DB6EC7ED1D7045C500F333DE /* page1.jpg */ = {isa = PBXFileReference; lastKnownFileType = image.jpeg; path = page1.jpg; sourceTree = "<group>"; };
		DB6EC7EE1D7045C500F333DE /* page2.jpg */ = {isa = PBXFileReference; lastKnownFileType = image.jpeg; path = page2.jpg; sourceTree = "<group>"; };
		DB8E315A1D5231E100666702 /* MeetPets.app */ = {isa = PBXFileReference; explicitFileType = wrapper.application; includeInIndex = 0; path = MeetPets.app; sourceTree = BUILT_PRODUCTS_DIR; };
		DB8E315D1D5231E100666702 /* AppDelegate.swift */ = {isa = PBXFileReference; lastKnownFileType = sourcecode.swift; path = AppDelegate.swift; sourceTree = "<group>"; };
		DB8E315F1D5231E100666702 /* ViewController.swift */ = {isa = PBXFileReference; lastKnownFileType = sourcecode.swift; path = ViewController.swift; sourceTree = "<group>"; };
		DB8E31621D5231E100666702 /* Base */ = {isa = PBXFileReference; lastKnownFileType = file.storyboard; name = Base; path = Base.lproj/Main.storyboard; sourceTree = "<group>"; };
		DB8E31671D5231E100666702 /* Base */ = {isa = PBXFileReference; lastKnownFileType = file.storyboard; name = Base; path = Base.lproj/LaunchScreen.storyboard; sourceTree = "<group>"; };
		DB8E31691D5231E100666702 /* Info.plist */ = {isa = PBXFileReference; lastKnownFileType = text.plist.xml; path = Info.plist; sourceTree = "<group>"; };
		DB8E316F1D53180D00666702 /* PetsTableViewCell.swift */ = {isa = PBXFileReference; fileEncoding = 4; lastKnownFileType = sourcecode.swift; path = PetsTableViewCell.swift; sourceTree = "<group>"; };
		DBB64AE11D659A6C00A483E4 /* SearchView.swift */ = {isa = PBXFileReference; fileEncoding = 4; lastKnownFileType = sourcecode.swift; path = SearchView.swift; sourceTree = "<group>"; };
		DBF318E41D704D8500F4905A /* Assets.xcassets */ = {isa = PBXFileReference; lastKnownFileType = folder.assetcatalog; path = Assets.xcassets; sourceTree = "<group>"; };
/* End PBXFileReference section */

/* Begin PBXFrameworksBuildPhase section */
		DB8E31571D5231E100666702 /* Frameworks */ = {
			isa = PBXFrameworksBuildPhase;
			buildActionMask = 2147483647;
			files = (
				DB15F5831D6D41590046F086 /* CoreLocation.framework in Frameworks */,
				8418279288F131633035A8BB /* Pods_MeetPets.framework in Frameworks */,
			);
			runOnlyForDeploymentPostprocessing = 0;
		};
/* End PBXFrameworksBuildPhase section */

/* Begin PBXGroup section */
		0EDD215F64A495C1FBB69445 /* Pods */ = {
			isa = PBXGroup;
			children = (
				836B345E610F0D0CF91BD0EA /* Pods-MeetPets.debug.xcconfig */,
				70F1F7DB5FAFD6F2D34FC166 /* Pods-MeetPets.release.xcconfig */,
			);
			name = Pods;
			sourceTree = "<group>";
		};
		BBB6E71F439156B20F247E70 /* Frameworks */ = {
			isa = PBXGroup;
			children = (
				DB15F5821D6D41590046F086 /* CoreLocation.framework */,
				A7B7BEB48E8CA4D9E671EFE1 /* Pods_MeetPets.framework */,
			);
			name = Frameworks;
			sourceTree = "<group>";
		};
		DB8E31511D5231E100666702 = {
			isa = PBXGroup;
			children = (
				DB8E315C1D5231E100666702 /* MeetPets */,
				DB8E315B1D5231E100666702 /* Products */,
				0EDD215F64A495C1FBB69445 /* Pods */,
				BBB6E71F439156B20F247E70 /* Frameworks */,
			);
			sourceTree = "<group>";
		};
		DB8E315B1D5231E100666702 /* Products */ = {
			isa = PBXGroup;
			children = (
				DB8E315A1D5231E100666702 /* MeetPets.app */,
			);
			name = Products;
			sourceTree = "<group>";
		};
		DB8E315C1D5231E100666702 /* MeetPets */ = {
			isa = PBXGroup;
			children = (
				DBB64ADE1D65868200A483E4 /* viewContrell */,
				DBB64ADD1D65865F00A483E4 /* model */,
				DB6EC7ED1D7045C500F333DE /* page1.jpg */,
				DB6EC7EE1D7045C500F333DE /* page2.jpg */,
				DB6EC7EB1D70415E00F333DE /* page3.jpg */,
				DB6EC7E91D70398600F333DE /* bg.png */,
				DB8E31611D5231E100666702 /* Main.storyboard */,
				DB8E31661D5231E100666702 /* LaunchScreen.storyboard */,
				DB8E31691D5231E100666702 /* Info.plist */,
				DB1284351D5B68E8006845AA /* MeetPets-Bridging-Header.h */,
				DBF318E41D704D8500F4905A /* Assets.xcassets */,
			);
			path = MeetPets;
			sourceTree = "<group>";
		};
		DBB64ADD1D65865F00A483E4 /* model */ = {
			isa = PBXGroup;
			children = (
				DB8E315D1D5231E100666702 /* AppDelegate.swift */,
				DB12842D1D5B4B51006845AA /* Communicator.swift */,
				DB1284331D5B66C2006845AA /* PetInfo.swift */,
				DB1284361D5B68E9006845AA /* AdvancedImageView.h */,
				DB1284371D5B68E9006845AA /* AdvancedImageView.m */,
				DB6EC7DD1D70330500F333DE /* telephone.png */,
				DB6EC7DF1D70330900F333DE /* navigation.png */,
			);
			name = model;
			sourceTree = "<group>";
		};
		DBB64ADE1D65868200A483E4 /* viewContrell */ = {
			isa = PBXGroup;
			children = (
				DB8E315F1D5231E100666702 /* ViewController.swift */,
				DB5C100B1D633BE700FC85D6 /* DetailPetInfoViewController.swift */,
				DB8E316F1D53180D00666702 /* PetsTableViewCell.swift */,
				DBB64AE11D659A6C00A483E4 /* SearchView.swift */,
				DB6EC7E11D70381C00F333DE /* NavigationViewController.swift */,
			);
			name = viewContrell;
			sourceTree = "<group>";
		};
/* End PBXGroup section */

/* Begin PBXNativeTarget section */
		DB8E31591D5231E100666702 /* MeetPets */ = {
			isa = PBXNativeTarget;
			buildConfigurationList = DB8E316C1D5231E100666702 /* Build configuration list for PBXNativeTarget "MeetPets" */;
			buildPhases = (
				960B88D1DDD0413EB7056DDA /* 📦 Check Pods Manifest.lock */,
				DB8E31561D5231E100666702 /* Sources */,
				DB8E31571D5231E100666702 /* Frameworks */,
				DB8E31581D5231E100666702 /* Resources */,
				4E6B27C918388C6D30AC806B /* 📦 Embed Pods Frameworks */,
				5F3C23DCDF2CE1BF93C1A970 /* 📦 Copy Pods Resources */,
			);
			buildRules = (
			);
			dependencies = (
			);
			name = MeetPets;
			productName = MeetPets;
			productReference = DB8E315A1D5231E100666702 /* MeetPets.app */;
			productType = "com.apple.product-type.application";
		};
/* End PBXNativeTarget section */

/* Begin PBXProject section */
		DB8E31521D5231E100666702 /* Project object */ = {
			isa = PBXProject;
			attributes = {
				LastSwiftUpdateCheck = 0730;
				LastUpgradeCheck = 0730;
				ORGANIZATIONNAME = "張峻綸";
				TargetAttributes = {
					DB8E31591D5231E100666702 = {
						CreatedOnToolsVersion = 7.3.1;
						DevelopmentTeam = C8533NF3S2;
					};
				};
			};
			buildConfigurationList = DB8E31551D5231E100666702 /* Build configuration list for PBXProject "MeetPets" */;
			compatibilityVersion = "Xcode 3.2";
			developmentRegion = English;
			hasScannedForEncodings = 0;
			knownRegions = (
				en,
				Base,
			);
			mainGroup = DB8E31511D5231E100666702;
			productRefGroup = DB8E315B1D5231E100666702 /* Products */;
			projectDirPath = "";
			projectRoot = "";
			targets = (
				DB8E31591D5231E100666702 /* MeetPets */,
			);
		};
/* End PBXProject section */

/* Begin PBXResourcesBuildPhase section */
		DB8E31581D5231E100666702 /* Resources */ = {
			isa = PBXResourcesBuildPhase;
			buildActionMask = 2147483647;
			files = (
				DB6EC7DE1D70330500F333DE /* telephone.png in Resources */,
				DB6EC7EA1D70398600F333DE /* bg.png in Resources */,
				DB8E31681D5231E100666702 /* LaunchScreen.storyboard in Resources */,
				DB6EC7EC1D70415E00F333DE /* page3.jpg in Resources */,
				DB6EC7F01D7045C500F333DE /* page2.jpg in Resources */,
				DB6EC7E01D70330900F333DE /* navigation.png in Resources */,
				DB6EC7EF1D7045C500F333DE /* page1.jpg in Resources */,
				DBF318E51D704D8500F4905A /* Assets.xcassets in Resources */,
				DB8E31631D5231E100666702 /* Main.storyboard in Resources */,
			);
			runOnlyForDeploymentPostprocessing = 0;
		};
/* End PBXResourcesBuildPhase section */

/* Begin PBXShellScriptBuildPhase section */
		4E6B27C918388C6D30AC806B /* 📦 Embed Pods Frameworks */ = {
			isa = PBXShellScriptBuildPhase;
			buildActionMask = 2147483647;
			files = (
			);
			inputPaths = (
			);
			name = "📦 Embed Pods Frameworks";
			outputPaths = (
			);
			runOnlyForDeploymentPostprocessing = 0;
			shellPath = /bin/sh;
			shellScript = "\"${SRCROOT}/Pods/Target Support Files/Pods-MeetPets/Pods-MeetPets-frameworks.sh\"\n";
			showEnvVarsInLog = 0;
		};
		5F3C23DCDF2CE1BF93C1A970 /* 📦 Copy Pods Resources */ = {
			isa = PBXShellScriptBuildPhase;
			buildActionMask = 2147483647;
			files = (
			);
			inputPaths = (
			);
			name = "📦 Copy Pods Resources";
			outputPaths = (
			);
			runOnlyForDeploymentPostprocessing = 0;
			shellPath = /bin/sh;
			shellScript = "\"${SRCROOT}/Pods/Target Support Files/Pods-MeetPets/Pods-MeetPets-resources.sh\"\n";
			showEnvVarsInLog = 0;
		};
		960B88D1DDD0413EB7056DDA /* 📦 Check Pods Manifest.lock */ = {
			isa = PBXShellScriptBuildPhase;
			buildActionMask = 2147483647;
			files = (
			);
			inputPaths = (
			);
			name = "📦 Check Pods Manifest.lock";
			outputPaths = (
			);
			runOnlyForDeploymentPostprocessing = 0;
			shellPath = /bin/sh;
			shellScript = "diff \"${PODS_ROOT}/../Podfile.lock\" \"${PODS_ROOT}/Manifest.lock\" > /dev/null\nif [[ $? != 0 ]] ; then\n    cat << EOM\nerror: The sandbox is not in sync with the Podfile.lock. Run 'pod install' or update your CocoaPods installation.\nEOM\n    exit 1\nfi\n";
			showEnvVarsInLog = 0;
		};
/* End PBXShellScriptBuildPhase section */

/* Begin PBXSourcesBuildPhase section */
		DB8E31561D5231E100666702 /* Sources */ = {
			isa = PBXSourcesBuildPhase;
			buildActionMask = 2147483647;
			files = (
				DB5C100C1D633BE700FC85D6 /* DetailPetInfoViewController.swift in Sources */,
				DB1284381D5B68E9006845AA /* AdvancedImageView.m in Sources */,
				DB12842E1D5B4B51006845AA /* Communicator.swift in Sources */,
				DB6EC7E21D70381C00F333DE /* NavigationViewController.swift in Sources */,
				DB8E31601D5231E100666702 /* ViewController.swift in Sources */,
				DBB64AE21D659A6C00A483E4 /* SearchView.swift in Sources */,
				DB8E315E1D5231E100666702 /* AppDelegate.swift in Sources */,
				DB8E31701D53180D00666702 /* PetsTableViewCell.swift in Sources */,
				DB1284341D5B66C2006845AA /* PetInfo.swift in Sources */,
			);
			runOnlyForDeploymentPostprocessing = 0;
		};
/* End PBXSourcesBuildPhase section */

/* Begin PBXVariantGroup section */
		DB8E31611D5231E100666702 /* Main.storyboard */ = {
			isa = PBXVariantGroup;
			children = (
				DB8E31621D5231E100666702 /* Base */,
			);
			name = Main.storyboard;
			sourceTree = "<group>";
		};
		DB8E31661D5231E100666702 /* LaunchScreen.storyboard */ = {
			isa = PBXVariantGroup;
			children = (
				DB8E31671D5231E100666702 /* Base */,
			);
			name = LaunchScreen.storyboard;
			sourceTree = "<group>";
		};
/* End PBXVariantGroup section */

/* Begin XCBuildConfiguration section */
		DB8E316A1D5231E100666702 /* Debug */ = {
			isa = XCBuildConfiguration;
			buildSettings = {
				ALWAYS_SEARCH_USER_PATHS = NO;
				CLANG_ANALYZER_NONNULL = YES;
				CLANG_CXX_LANGUAGE_STANDARD = "gnu++0x";
				CLANG_CXX_LIBRARY = "libc++";
				CLANG_ENABLE_MODULES = YES;
				CLANG_ENABLE_OBJC_ARC = YES;
				CLANG_WARN_BOOL_CONVERSION = YES;
				CLANG_WARN_CONSTANT_CONVERSION = YES;
				CLANG_WARN_DIRECT_OBJC_ISA_USAGE = YES_ERROR;
				CLANG_WARN_EMPTY_BODY = YES;
				CLANG_WARN_ENUM_CONVERSION = YES;
				CLANG_WARN_INT_CONVERSION = YES;
				CLANG_WARN_OBJC_ROOT_CLASS = YES_ERROR;
				CLANG_WARN_UNREACHABLE_CODE = YES;
				CLANG_WARN__DUPLICATE_METHOD_MATCH = YES;
				"CODE_SIGN_IDENTITY[sdk=iphoneos*]" = "iPhone Developer";
				COPY_PHASE_STRIP = NO;
				DEBUG_INFORMATION_FORMAT = dwarf;
				ENABLE_STRICT_OBJC_MSGSEND = YES;
				ENABLE_TESTABILITY = YES;
				GCC_C_LANGUAGE_STANDARD = gnu99;
				GCC_DYNAMIC_NO_PIC = NO;
				GCC_NO_COMMON_BLOCKS = YES;
				GCC_OPTIMIZATION_LEVEL = 0;
				GCC_PREPROCESSOR_DEFINITIONS = (
					"DEBUG=1",
					"$(inherited)",
				);
				GCC_WARN_64_TO_32_BIT_CONVERSION = YES;
				GCC_WARN_ABOUT_RETURN_TYPE = YES_ERROR;
				GCC_WARN_UNDECLARED_SELECTOR = YES;
				GCC_WARN_UNINITIALIZED_AUTOS = YES_AGGRESSIVE;
				GCC_WARN_UNUSED_FUNCTION = YES;
				GCC_WARN_UNUSED_VARIABLE = YES;
				IPHONEOS_DEPLOYMENT_TARGET = 9.3;
				MTL_ENABLE_DEBUG_INFO = YES;
				ONLY_ACTIVE_ARCH = YES;
				SDKROOT = iphoneos;
				SWIFT_OPTIMIZATION_LEVEL = "-Onone";
			};
			name = Debug;
		};
		DB8E316B1D5231E100666702 /* Release */ = {
			isa = XCBuildConfiguration;
			buildSettings = {
				ALWAYS_SEARCH_USER_PATHS = NO;
				CLANG_ANALYZER_NONNULL = YES;
				CLANG_CXX_LANGUAGE_STANDARD = "gnu++0x";
				CLANG_CXX_LIBRARY = "libc++";
				CLANG_ENABLE_MODULES = YES;
				CLANG_ENABLE_OBJC_ARC = YES;
				CLANG_WARN_BOOL_CONVERSION = YES;
				CLANG_WARN_CONSTANT_CONVERSION = YES;
				CLANG_WARN_DIRECT_OBJC_ISA_USAGE = YES_ERROR;
				CLANG_WARN_EMPTY_BODY = YES;
				CLANG_WARN_ENUM_CONVERSION = YES;
				CLANG_WARN_INT_CONVERSION = YES;
				CLANG_WARN_OBJC_ROOT_CLASS = YES_ERROR;
				CLANG_WARN_UNREACHABLE_CODE = YES;
				CLANG_WARN__DUPLICATE_METHOD_MATCH = YES;
				"CODE_SIGN_IDENTITY[sdk=iphoneos*]" = "iPhone Developer";
				COPY_PHASE_STRIP = NO;
				DEBUG_INFORMATION_FORMAT = "dwarf-with-dsym";
				ENABLE_NS_ASSERTIONS = NO;
				ENABLE_STRICT_OBJC_MSGSEND = YES;
				GCC_C_LANGUAGE_STANDARD = gnu99;
				GCC_NO_COMMON_BLOCKS = YES;
				GCC_WARN_64_TO_32_BIT_CONVERSION = YES;
				GCC_WARN_ABOUT_RETURN_TYPE = YES_ERROR;
				GCC_WARN_UNDECLARED_SELECTOR = YES;
				GCC_WARN_UNINITIALIZED_AUTOS = YES_AGGRESSIVE;
				GCC_WARN_UNUSED_FUNCTION = YES;
				GCC_WARN_UNUSED_VARIABLE = YES;
				IPHONEOS_DEPLOYMENT_TARGET = 9.3;
				MTL_ENABLE_DEBUG_INFO = NO;
				SDKROOT = iphoneos;
				VALIDATE_PRODUCT = YES;
			};
			name = Release;
		};
		DB8E316D1D5231E100666702 /* Debug */ = {
			isa = XCBuildConfiguration;
			baseConfigurationReference = 836B345E610F0D0CF91BD0EA /* Pods-MeetPets.debug.xcconfig */;
			buildSettings = {
				ASSETCATALOG_COMPILER_APPICON_NAME = AppIcon;
				CLANG_ENABLE_MODULES = YES;
				CODE_SIGN_IDENTITY = "iPhone Developer";
				"CODE_SIGN_IDENTITY[sdk=iphoneos*]" = "iPhone Developer";
				INFOPLIST_FILE = MeetPets/Info.plist;
				LD_RUNPATH_SEARCH_PATHS = "$(inherited) @executable_path/Frameworks";
				PRODUCT_BUNDLE_IDENTIFIER = com.allen.MeetPets;
				PRODUCT_NAME = "$(TARGET_NAME)";
				PROVISIONING_PROFILE = "";
				SWIFT_OBJC_BRIDGING_HEADER = "MeetPets/MeetPets-Bridging-Header.h";
				SWIFT_OPTIMIZATION_LEVEL = "-Onone";
				TARGETED_DEVICE_FAMILY = 1;
			};
			name = Debug;
		};
		DB8E316E1D5231E100666702 /* Release */ = {
			isa = XCBuildConfiguration;
			baseConfigurationReference = 70F1F7DB5FAFD6F2D34FC166 /* Pods-MeetPets.release.xcconfig */;
			buildSettings = {
				ASSETCATALOG_COMPILER_APPICON_NAME = AppIcon;
				CLANG_ENABLE_MODULES = YES;
				CODE_SIGN_IDENTITY = "iPhone Developer";
				"CODE_SIGN_IDENTITY[sdk=iphoneos*]" = "iPhone Developer";
				INFOPLIST_FILE = MeetPets/Info.plist;
				LD_RUNPATH_SEARCH_PATHS = "$(inherited) @executable_path/Frameworks";
				PRODUCT_BUNDLE_IDENTIFIER = com.allen.MeetPets;
				PRODUCT_NAME = "$(TARGET_NAME)";
				PROVISIONING_PROFILE = "";
				SWIFT_OBJC_BRIDGING_HEADER = "MeetPets/MeetPets-Bridging-Header.h";
				TARGETED_DEVICE_FAMILY = 1;
			};
			name = Release;
		};
/* End XCBuildConfiguration section */

/* Begin XCConfigurationList section */
		DB8E31551D5231E100666702 /* Build configuration list for PBXProject "MeetPets" */ = {
			isa = XCConfigurationList;
			buildConfigurations = (
				DB8E316A1D5231E100666702 /* Debug */,
				DB8E316B1D5231E100666702 /* Release */,
			);
			defaultConfigurationIsVisible = 0;
			defaultConfigurationName = Release;
		};
		DB8E316C1D5231E100666702 /* Build configuration list for PBXNativeTarget "MeetPets" */ = {
			isa = XCConfigurationList;
			buildConfigurations = (
				DB8E316D1D5231E100666702 /* Debug */,
				DB8E316E1D5231E100666702 /* Release */,
			);
			defaultConfigurationIsVisible = 0;
			defaultConfigurationName = Release;
		};
/* End XCConfigurationList section */
	};
	rootObject = DB8E31521D5231E100666702 /* Project object */;
}
